
Microsoft Visual Studio Solution File, Format Version 12.00
# Visual Studio 15
VisualStudioVersion = 15.0.27703.2042
MinimumVisualStudioVersion = 10.0.40219.1
Project("{FAE04EC0-301F-11D3-BF4B-00C04F79EFBC}") = "HexSense", "HexSense\HexSense.csproj", "{FBE4E709-8739-4244-B7BE-C1334F083F2C}"
EndProject
Global
	GlobalSection(SolutionConfigurationPlatforms) = preSolution
		Debug|Any CPU = Debug|Any CPU
		Release|Any CPU = Release|Any CPU
	EndGlobalSection
	GlobalSection(ProjectConfigurationPlatforms) = postSolution
		{FBE4E709-8739-4244-B7BE-C1334F083F2C}.Debug|Any CPU.ActiveCfg = Debug|Any CPU
		{FBE4E709-8739-4244-B7BE-C1334F083F2C}.Debug|Any CPU.Build.0 = Debug|Any CPU
		{FBE4E709-8739-4244-B7BE-C1334F083F2C}.Release|Any CPU.ActiveCfg = Release|Any CPU
		{FBE4E709-8739-4244-B7BE-C1334F083F2C}.Release|Any CPU.Build.0 = Release|Any CPU
	EndGlobalSection
	GlobalSection(SolutionProperties) = preSolution
		HideSolutionNode = FALSE
	EndGlobalSection
	GlobalSection(ExtensibilityGlobals) = postSolution
		SolutionGuid = {F32A956F-0E26-48BD-BAB4-ABB52C509361}
	EndGlobalSection
EndGlobal
